
Microsoft Visual Studio Solution File, Format Version 12.00
# Visual Studio Version 17
VisualStudioVersion = 17.7.34024.191
MinimumVisualStudioVersion = 10.0.40219.1
Project("{9A19103F-16F7-4668-BE54-9A1E7A4F7556}") = "chatbot-application", "Chatbot\chatbot-application.csproj", "{19F30EDE-28E2-477B-BA56-260FAE27ED44}"
EndProject
Project("{9A19103F-16F7-4668-BE54-9A1E7A4F7556}") = "StorageLib", "StorageLib\StorageLib.csproj", "{87D6239D-1128-4142-A71A-F56270E60AFC}"
EndProject
Project("{FAE04EC0-301F-11D3-BF4B-00C04F79EFBC}") = "chatbot-application.Test", "chatbot-application.Test\chatbot-application.Test.csproj", "{BB381B61-3987-475E-8DB4-7CDD40B9831F}"
EndProject
Global
	GlobalSection(SolutionConfigurationPlatforms) = preSolution
		Debug|Any CPU = Debug|Any CPU
		Release|Any CPU = Release|Any CPU
	EndGlobalSection
	GlobalSection(ProjectConfigurationPlatforms) = postSolution
		{19F30EDE-28E2-477B-BA56-260FAE27ED44}.Debug|Any CPU.ActiveCfg = Debug|Any CPU
		{19F30EDE-28E2-477B-BA56-260FAE27ED44}.Debug|Any CPU.Build.0 = Debug|Any CPU
		{19F30EDE-28E2-477B-BA56-260FAE27ED44}.Release|Any CPU.ActiveCfg = Release|Any CPU
		{19F30EDE-28E2-477B-BA56-260FAE27ED44}.Release|Any CPU.Build.0 = Release|Any CPU
		{87D6239D-1128-4142-A71A-F56270E60AFC}.Debug|Any CPU.ActiveCfg = Debug|Any CPU
		{87D6239D-1128-4142-A71A-F56270E60AFC}.Debug|Any CPU.Build.0 = Debug|Any CPU
		{87D6239D-1128-4142-A71A-F56270E60AFC}.Release|Any CPU.ActiveCfg = Release|Any CPU
		{87D6239D-1128-4142-A71A-F56270E60AFC}.Release|Any CPU.Build.0 = Release|Any CPU
		{BB381B61-3987-475E-8DB4-7CDD40B9831F}.Debug|Any CPU.ActiveCfg = Debug|Any CPU
		{BB381B61-3987-475E-8DB4-7CDD40B9831F}.Debug|Any CPU.Build.0 = Debug|Any CPU
		{BB381B61-3987-475E-8DB4-7CDD40B9831F}.Release|Any CPU.ActiveCfg = Release|Any CPU
		{BB381B61-3987-475E-8DB4-7CDD40B9831F}.Release|Any CPU.Build.0 = Release|Any CPU
	EndGlobalSection
	GlobalSection(SolutionProperties) = preSolution
		HideSolutionNode = FALSE
	EndGlobalSection
	GlobalSection(ExtensibilityGlobals) = postSolution
		SolutionGuid = {15D8574F-91C5-4F7E-B431-7930DCF544AB}
	EndGlobalSection
EndGlobal
